
Microsoft Visual Studio Solution File, Format Version 12.00
# Visual Studio Version 17
VisualStudioVersion = 17.7.34221.43
MinimumVisualStudioVersion = 10.0.40219.1
Project("{9A19103F-16F7-4668-BE54-9A1E7A4F7556}") = "ASPCMVC01", "ASPCMVC01\ASPCMVC01.csproj", "{C4F4978A-ABCA-4F15-854B-B5C66CFCDFFA}"
EndProject
Project("{9A19103F-16F7-4668-BE54-9A1E7A4F7556}") = "ASPCMVC02", "ASPCMVC02\ASPCMVC02.csproj", "{52F7914E-CF13-4D26-9290-5676DB00ACE1}"
EndProject
Project("{9A19103F-16F7-4668-BE54-9A1E7A4F7556}") = "ASPCMVC03", "ASPCMVC03\ASPCMVC03.csproj", "{1A833290-60F5-45A4-9A43-65799BF47B21}"
EndProject
Project("{9A19103F-16F7-4668-BE54-9A1E7A4F7556}") = "ASPCMVC04", "ASPCMVC04\ASPCMVC04.csproj", "{2C5F8FEA-1637-4677-88EB-A0EBB140913B}"
EndProject
Project("{9A19103F-16F7-4668-BE54-9A1E7A4F7556}") = "ASPCMVC05", "ASPCMVC05\ASPCMVC05.csproj", "{A387B50A-1EC3-4A29-95EE-C451A0F576D7}"
EndProject
Global
	GlobalSection(SolutionConfigurationPlatforms) = preSolution
		Debug|Any CPU = Debug|Any CPU
		Release|Any CPU = Release|Any CPU
	EndGlobalSection
	GlobalSection(ProjectConfigurationPlatforms) = postSolution
		{C4F4978A-ABCA-4F15-854B-B5C66CFCDFFA}.Debug|Any CPU.ActiveCfg = Debug|Any CPU
		{C4F4978A-ABCA-4F15-854B-B5C66CFCDFFA}.Debug|Any CPU.Build.0 = Debug|Any CPU
		{C4F4978A-ABCA-4F15-854B-B5C66CFCDFFA}.Release|Any CPU.ActiveCfg = Release|Any CPU
		{C4F4978A-ABCA-4F15-854B-B5C66CFCDFFA}.Release|Any CPU.Build.0 = Release|Any CPU
		{52F7914E-CF13-4D26-9290-5676DB00ACE1}.Debug|Any CPU.ActiveCfg = Debug|Any CPU
		{52F7914E-CF13-4D26-9290-5676DB00ACE1}.Debug|Any CPU.Build.0 = Debug|Any CPU
		{52F7914E-CF13-4D26-9290-5676DB00ACE1}.Release|Any CPU.ActiveCfg = Release|Any CPU
		{52F7914E-CF13-4D26-9290-5676DB00ACE1}.Release|Any CPU.Build.0 = Release|Any CPU
		{1A833290-60F5-45A4-9A43-65799BF47B21}.Debug|Any CPU.ActiveCfg = Debug|Any CPU
		{1A833290-60F5-45A4-9A43-65799BF47B21}.Debug|Any CPU.Build.0 = Debug|Any CPU
		{1A833290-60F5-45A4-9A43-65799BF47B21}.Release|Any CPU.ActiveCfg = Release|Any CPU
		{1A833290-60F5-45A4-9A43-65799BF47B21}.Release|Any CPU.Build.0 = Release|Any CPU
		{2C5F8FEA-1637-4677-88EB-A0EBB140913B}.Debug|Any CPU.ActiveCfg = Debug|Any CPU
		{2C5F8FEA-1637-4677-88EB-A0EBB140913B}.Debug|Any CPU.Build.0 = Debug|Any CPU
		{2C5F8FEA-1637-4677-88EB-A0EBB140913B}.Release|Any CPU.ActiveCfg = Release|Any CPU
		{2C5F8FEA-1637-4677-88EB-A0EBB140913B}.Release|Any CPU.Build.0 = Release|Any CPU
		{A387B50A-1EC3-4A29-95EE-C451A0F576D7}.Debug|Any CPU.ActiveCfg = Debug|Any CPU
		{A387B50A-1EC3-4A29-95EE-C451A0F576D7}.Debug|Any CPU.Build.0 = Debug|Any CPU
		{A387B50A-1EC3-4A29-95EE-C451A0F576D7}.Release|Any CPU.ActiveCfg = Release|Any CPU
		{A387B50A-1EC3-4A29-95EE-C451A0F576D7}.Release|Any CPU.Build.0 = Release|Any CPU
	EndGlobalSection
	GlobalSection(SolutionProperties) = preSolution
		HideSolutionNode = FALSE
	EndGlobalSection
	GlobalSection(ExtensibilityGlobals) = postSolution
		SolutionGuid = {CCAACFB2-92B3-4D1F-A060-F249A502B0B1}
	EndGlobalSection
EndGlobal
